{
  "name": "reader",
  "version": "1.0.0",
  "lockfileVersion": 1,
  "requires": true,
  "dependencies": {
    "almond": {
      "version": "0.3.3",
      "resolved": "https://registry.npmjs.org/almond/-/almond-0.3.3.tgz",
      "integrity": "sha1-oOfJWsdiTWQXtElLHmi/9pMWiiA="
    },
    "bootstrap": {
      "version": "4.0.0-alpha.6",
      "resolved": "https://registry.npmjs.org/bootstrap/-/bootstrap-4.0.0-alpha.6.tgz",
      "integrity": "sha1-T1TdM6wN6sOyhAe8LffsYIhpycg=",
      "requires": {
        "jquery": ">=1.9.1",
        "tether": "^1.4.0"
      }
    },
    "datatables.net": {
      "version": "1.10.19",
      "resolved": "https://registry.npmjs.org/datatables.net/-/datatables.net-1.10.19.tgz",
      "integrity": "sha512-+ljXcI6Pj3PTGy5pesp3E5Dr3x3AV45EZe0o1r0gKENN2gafBKXodVnk2ypKwl2tTmivjxbkiqoWnipTefyBTA==",
      "requires": {
        "jquery": ">=1.7"
      }
    },
    "datatables.net-bs4": {
      "version": "1.10.19",
      "resolved": "https://registry.npmjs.org/datatables.net-bs4/-/datatables.net-bs4-1.10.19.tgz",
      "integrity": "sha512-pgeP17w4aPR7HIxIwuJghfqXULjdg1K6xMUUKDyCERJRSNNK4MRToFfELtIsluLNN555YBK4Kx8nihX5/ZT1Fw==",
      "requires": {
        "datatables.net": "1.10.19",
        "jquery": ">=1.7"
      }
    },
    "datatables.net-responsive": {
      "version": "2.2.3",
      "resolved": "https://registry.npmjs.org/datatables.net-responsive/-/datatables.net-responsive-2.2.3.tgz",
      "integrity": "sha512-8D6VtZcyuH3FG0Hn5A4LPZQEOX3+HrRFM7HjpmsQc/nQDBbdeBLkJX4Sh/o1nzFTSneuT1Wh/lYZHVPpjcN+Sw==",
      "requires": {
        "datatables.net": "^1.10.15",
        "jquery": ">=1.7"
      }
    },
    "datatables.net-responsive-bs4": {
      "version": "2.2.3",
      "resolved": "https://registry.npmjs.org/datatables.net-responsive-bs4/-/datatables.net-responsive-bs4-2.2.3.tgz",
      "integrity": "sha512-SQaWI0uLuPcaiBBin9zX+MuQfTSIkK1bYxbXqUV6NLkHCVa6PMQK7Rvftj0ywG4R7uOtjbzY8nSVqxEKvQI0Vg==",
      "requires": {
        "datatables.net-bs4": "^1.10.15",
        "datatables.net-responsive": "2.2.3",
        "jquery": ">=1.7"
      }
    },
    "daterangepicker": {
      "version": "3.0.3",
      "resolved": "https://registry.npmjs.org/daterangepicker/-/daterangepicker-3.0.3.tgz",
      "integrity": "sha512-h1yB44g0IV3oQtdV+oxCst6wn9MHECDDUTOhSQepj0Ouo6FH44T/vrbx9G3pTn5IuK+ZyHQws0FG7BvRZDRWoQ==",
      "requires": {
        "jquery": ">=1.10",
        "moment": "^2.9.0"
      }
    },
    "jquery": {
      "version": "3.5.1",
      "resolved": "https://registry.npmjs.org/jquery/-/jquery-3.5.1.tgz",
      "integrity": "sha512-XwIBPqcMn57FxfT+Go5pzySnm4KWkT1Tv7gjrpT1srtf8Weynl6R273VJ5GjkRb51IzMp5nbaPjJXMWeju2MKg=="
    },
    "jquery-mousewheel": {
      "version": "3.1.13",
      "resolved": "https://registry.npmjs.org/jquery-mousewheel/-/jquery-mousewheel-3.1.13.tgz",
      "integrity": "sha1-BvAzXxbjU6aV5yBr9QUDy1I6buU="
    },
    "moment": {
      "version": "2.24.0",
      "resolved": "https://registry.npmjs.org/moment/-/moment-2.24.0.tgz",
      "integrity": "sha512-bV7f+6l2QigeBBZSM/6yTNq4P2fNpSWj/0e7jQcy87A8e7o2nAfP/34/2ky5Vw4B9S446EtIhodAzkFCcR4dQg=="
    },
    "select2": {
      "version": "4.0.6-rc.1",
      "resolved": "https://registry.npmjs.org/select2/-/select2-4.0.6-rc.1.tgz",
      "integrity": "sha1-qmwwOKfw8ukf+t448KIcFeGBMnY=",
      "requires": {
        "almond": "~0.3.1",
        "jquery-mousewheel": "~3.1.13"
      }
    },
    "tether": {
      "version": "1.4.5",
      "resolved": "https://registry.npmjs.org/tether/-/tether-1.4.5.tgz",
      "integrity": "sha512-fysT1Gug2wbRi7a6waeu39yVDwiNtvwj5m9eRD+qZDSHKNghLo6KqP/U3yM2ap6TNUL2skjXGJaJJTJqoC31vw=="
    },
    "toastr": {
      "version": "2.1.4",
      "resolved": "https://registry.npmjs.org/toastr/-/toastr-2.1.4.tgz",
      "integrity": "sha1-i0O+ZPudDEFIcURvLbjoyk6V8YE=",
      "requires": {
        "jquery": ">=1.12.0"
      }
    }
  }
}
